
Microsoft Visual Studio Solution File, Format Version 12.00
# Visual Studio 15
VisualStudioVersion = 15.0.28010.2019
MinimumVisualStudioVersion = 10.0.40219.1
Project("{FAE04EC0-301F-11D3-BF4B-00C04F79EFBC}") = "StrategyPattern", "StrategyPattern\StrategyPattern.csproj", "{B035A581-2492-4C20-A872-57A73E3ADDEB}"
EndProject
Project("{9A19103F-16F7-4668-BE54-9A1E7A4F7556}") = "DecoratorPattern", "DecoratorPattern\DecoratorPattern.csproj", "{8222F90A-B849-46B4-B2B8-D15EB6114E06}"
EndProject
Project("{FAE04EC0-301F-11D3-BF4B-00C04F79EFBC}") = "SingletonPattern", "SingletonPattern\SingletonPattern.csproj", "{3C6F74FD-1E07-45A6-93ED-7E4E82B343F4}"
EndProject
Project("{FAE04EC0-301F-11D3-BF4B-00C04F79EFBC}") = "AbstractFactoryPattern", "AbstractFactoryPattern\AbstractFactoryPattern.csproj", "{C3F15462-EB09-4AFC-BA0C-568E08CDEFE2}"
EndProject
Project("{FAE04EC0-301F-11D3-BF4B-00C04F79EFBC}") = "BuilderPattern", "BuilderPattern\BuilderPattern.csproj", "{006E3789-9D20-4A69-892A-0A40DE0312FC}"
EndProject
Project("{FAE04EC0-301F-11D3-BF4B-00C04F79EFBC}") = "AdapterPattern", "AdapterPattern\AdapterPattern.csproj", "{09E21B62-0870-431D-A61D-B5FA11363791}"
EndProject
Project("{FAE04EC0-301F-11D3-BF4B-00C04F79EFBC}") = "BridgePattern", "BridgePattern\BridgePattern.csproj", "{22A8FBA6-67B0-4A98-B008-7FA132988CB0}"
EndProject
Project("{FAE04EC0-301F-11D3-BF4B-00C04F79EFBC}") = "CompositePattern", "CompositePattern\CompositePattern.csproj", "{DAE51883-0AD4-4561-B7CD-80E9020D831D}"
EndProject
Project("{FAE04EC0-301F-11D3-BF4B-00C04F79EFBC}") = "FacadePattern", "FacadePattern\FacadePattern.csproj", "{1A714581-750E-4113-9284-B136B96C43E0}"
EndProject
Project("{FAE04EC0-301F-11D3-BF4B-00C04F79EFBC}") = "FlyweightPattern", "FlyweightPattern\FlyweightPattern.csproj", "{4E4C644E-67AE-4348-AE54-615F48E19A10}"
EndProject
Global
	GlobalSection(SolutionConfigurationPlatforms) = preSolution
		Debug|Any CPU = Debug|Any CPU
		Release|Any CPU = Release|Any CPU
	EndGlobalSection
	GlobalSection(ProjectConfigurationPlatforms) = postSolution
		{B035A581-2492-4C20-A872-57A73E3ADDEB}.Debug|Any CPU.ActiveCfg = Debug|Any CPU
		{B035A581-2492-4C20-A872-57A73E3ADDEB}.Debug|Any CPU.Build.0 = Debug|Any CPU
		{B035A581-2492-4C20-A872-57A73E3ADDEB}.Release|Any CPU.ActiveCfg = Release|Any CPU
		{B035A581-2492-4C20-A872-57A73E3ADDEB}.Release|Any CPU.Build.0 = Release|Any CPU
		{8222F90A-B849-46B4-B2B8-D15EB6114E06}.Debug|Any CPU.ActiveCfg = Debug|Any CPU
		{8222F90A-B849-46B4-B2B8-D15EB6114E06}.Debug|Any CPU.Build.0 = Debug|Any CPU
		{8222F90A-B849-46B4-B2B8-D15EB6114E06}.Release|Any CPU.ActiveCfg = Release|Any CPU
		{8222F90A-B849-46B4-B2B8-D15EB6114E06}.Release|Any CPU.Build.0 = Release|Any CPU
		{3C6F74FD-1E07-45A6-93ED-7E4E82B343F4}.Debug|Any CPU.ActiveCfg = Debug|Any CPU
		{3C6F74FD-1E07-45A6-93ED-7E4E82B343F4}.Debug|Any CPU.Build.0 = Debug|Any CPU
		{3C6F74FD-1E07-45A6-93ED-7E4E82B343F4}.Release|Any CPU.ActiveCfg = Release|Any CPU
		{3C6F74FD-1E07-45A6-93ED-7E4E82B343F4}.Release|Any CPU.Build.0 = Release|Any CPU
		{C3F15462-EB09-4AFC-BA0C-568E08CDEFE2}.Debug|Any CPU.ActiveCfg = Debug|Any CPU
		{C3F15462-EB09-4AFC-BA0C-568E08CDEFE2}.Debug|Any CPU.Build.0 = Debug|Any CPU
		{C3F15462-EB09-4AFC-BA0C-568E08CDEFE2}.Release|Any CPU.ActiveCfg = Release|Any CPU
		{C3F15462-EB09-4AFC-BA0C-568E08CDEFE2}.Release|Any CPU.Build.0 = Release|Any CPU
		{006E3789-9D20-4A69-892A-0A40DE0312FC}.Debug|Any CPU.ActiveCfg = Debug|Any CPU
		{006E3789-9D20-4A69-892A-0A40DE0312FC}.Debug|Any CPU.Build.0 = Debug|Any CPU
		{006E3789-9D20-4A69-892A-0A40DE0312FC}.Release|Any CPU.ActiveCfg = Release|Any CPU
		{006E3789-9D20-4A69-892A-0A40DE0312FC}.Release|Any CPU.Build.0 = Release|Any CPU
		{09E21B62-0870-431D-A61D-B5FA11363791}.Debug|Any CPU.ActiveCfg = Debug|Any CPU
		{09E21B62-0870-431D-A61D-B5FA11363791}.Debug|Any CPU.Build.0 = Debug|Any CPU
		{09E21B62-0870-431D-A61D-B5FA11363791}.Release|Any CPU.ActiveCfg = Release|Any CPU
		{09E21B62-0870-431D-A61D-B5FA11363791}.Release|Any CPU.Build.0 = Release|Any CPU
		{22A8FBA6-67B0-4A98-B008-7FA132988CB0}.Debug|Any CPU.ActiveCfg = Debug|Any CPU
		{22A8FBA6-67B0-4A98-B008-7FA132988CB0}.Debug|Any CPU.Build.0 = Debug|Any CPU
		{22A8FBA6-67B0-4A98-B008-7FA132988CB0}.Release|Any CPU.ActiveCfg = Release|Any CPU
		{22A8FBA6-67B0-4A98-B008-7FA132988CB0}.Release|Any CPU.Build.0 = Release|Any CPU
		{DAE51883-0AD4-4561-B7CD-80E9020D831D}.Debug|Any CPU.ActiveCfg = Debug|Any CPU
		{DAE51883-0AD4-4561-B7CD-80E9020D831D}.Debug|Any CPU.Build.0 = Debug|Any CPU
		{DAE51883-0AD4-4561-B7CD-80E9020D831D}.Release|Any CPU.ActiveCfg = Release|Any CPU
		{DAE51883-0AD4-4561-B7CD-80E9020D831D}.Release|Any CPU.Build.0 = Release|Any CPU
		{1A714581-750E-4113-9284-B136B96C43E0}.Debug|Any CPU.ActiveCfg = Debug|Any CPU
		{1A714581-750E-4113-9284-B136B96C43E0}.Debug|Any CPU.Build.0 = Debug|Any CPU
		{1A714581-750E-4113-9284-B136B96C43E0}.Release|Any CPU.ActiveCfg = Release|Any CPU
		{1A714581-750E-4113-9284-B136B96C43E0}.Release|Any CPU.Build.0 = Release|Any CPU
		{4E4C644E-67AE-4348-AE54-615F48E19A10}.Debug|Any CPU.ActiveCfg = Debug|Any CPU
		{4E4C644E-67AE-4348-AE54-615F48E19A10}.Debug|Any CPU.Build.0 = Debug|Any CPU
		{4E4C644E-67AE-4348-AE54-615F48E19A10}.Release|Any CPU.ActiveCfg = Release|Any CPU
		{4E4C644E-67AE-4348-AE54-615F48E19A10}.Release|Any CPU.Build.0 = Release|Any CPU
	EndGlobalSection
	GlobalSection(SolutionProperties) = preSolution
		HideSolutionNode = FALSE
	EndGlobalSection
	GlobalSection(ExtensibilityGlobals) = postSolution
		SolutionGuid = {2F3FA39D-4335-4030-AB71-9904E3C318CD}
	EndGlobalSection
EndGlobal
